{
  "name": "npm-git-demo",
  "version": "1.0.0",
  "lockfileVersion": 3,
  "requires": true,
  "packages": {
    "": {
      "name": "npm-git-demo",
      "version": "1.0.0",
      "dependencies": {
        "is-buffer": "git+https://github.com/feross/is-buffer.git#v2.0.5"
      },
      "engines": {
        "node": ">=18"
      }
    },
    "node_modules/is-buffer": {
      "version": "2.0.5",
      "resolved": "git+ssh://git@github.com/feross/is-buffer.git#212f3e20fd16d83e6e2d93e1e3f9a42e1ce4b11c",
      "license": "MIT",
      "engines": {
        "node": ">=4"
      }
    }
  }
}
